PODS:
  - DACircularProgress (2.3.1)
  - MBProgressHUD (0.9.1)
  - MWPhotoBrowser (2.1.1):
    - DACircularProgress (~> 2.3)
    - MBProgressHUD (~> 0.9)
    - SDWebImage (!= 3.7.2, ~> 3.7)
  - SDWebImage (3.7.3):
    - SDWebImage/Core (= 3.7.3)
  - SDWebImage/Core (3.7.3)
  - ZComponent/Category (0.2.0)
  - ZComponent/ZBaseViewController (0.2.0):
    - ZComponent/ZMacro
  - ZComponent/ZMacro (0.2.0)

DEPENDENCIES:
  - MWPhotoBrowser (= 2.1.1)
  - ZComponent/Category
  - ZComponent/ZBaseViewController
  - ZComponent/ZMacro

SPEC CHECKSUMS:
  DACircularProgress: 4dd437c0fc3da5161cb289e07ac449493d41db71
  MBProgressHUD: c47f2c166c126cf2ce36498d80f33e754d4e93ad
  MWPhotoBrowser: ba0d0c09ffda3a7ea10093518738c502c1c7141c
  SDWebImage: 1d2b1a1efda1ade1b00b6f8498865f8ddedc8a84
  ZComponent: 3b4af1572fae2c5582d1278a54316d4c1af2398a

COCOAPODS: 0.39.0
