PODS:
  - DACircularProgress (2.3.1)
  - MBProgressHUD (0.9.2)
  - MBProgressHUD+BWMExtension (1.0.1):
    - MBProgressHUD (~> 0.9.1)
  - MWPhotoBrowser (2.1.1):
    - DACircularProgress (~> 2.3)
    - MBProgressHUD (~> 0.9)
    - SDWebImage (!= 3.7.2, ~> 3.7)
  - SDWebImage (3.7.5):
    - SDWebImage/Core (= 3.7.5)
  - SDWebImage/Core (3.7.5)
  - ZComponent/Category (0.3.0)
  - ZComponent/ZBaseViewController (0.3.0):
    - ZComponent/ZMacro
  - ZComponent/ZMacro (0.3.0)

DEPENDENCIES:
  - MBProgressHUD+BWMExtension (~> 1.0.0)
  - MWPhotoBrowser (= 2.1.1)
  - ZComponent/Category
  - ZComponent/ZBaseViewController
  - ZComponent/ZMacro

SPEC CHECKSUMS:
  DACircularProgress: 4dd437c0fc3da5161cb289e07ac449493d41db71
  MBProgressHUD: 1569cf7ace17a8bac47aabfbb8580a49690386d1
  MBProgressHUD+BWMExtension: d0603a1c0b03ef74cae6a0986d63c0bdf34bedfe
  MWPhotoBrowser: ba0d0c09ffda3a7ea10093518738c502c1c7141c
  SDWebImage: 69c6303e3348fba97e03f65d65d4fbc26740f461
  ZComponent: 73a81d8a5ca8280dd03f280a9e2547082ed4a6ec

COCOAPODS: 0.39.0
